
Microsoft Visual Studio Solution File, Format Version 11.00
# Visual Studio 2010
Project("{8BC9CEB8-8B4A-11D0-8D11-00A0C91BC942}") = "2", "2\2.vcxproj", "{311D951D-7014-4213-9D1B-76C7557B320B}"
EndProject
Global
	GlobalSection(SolutionConfigurationPlatforms) = preSolution
		Debug|Win32 = Debug|Win32
		Release|Win32 = Release|Win32
	EndGlobalSection
	GlobalSection(ProjectConfigurationPlatforms) = postSolution
		{311D951D-7014-4213-9D1B-76C7557B320B}.Debug|Win32.ActiveCfg = Debug|Win32
		{311D951D-7014-4213-9D1B-76C7557B320B}.Debug|Win32.Build.0 = Debug|Win32
		{311D951D-7014-4213-9D1B-76C7557B320B}.Release|Win32.ActiveCfg = Release|Win32
		{311D951D-7014-4213-9D1B-76C7557B320B}.Release|Win32.Build.0 = Release|Win32
	EndGlobalSection
	GlobalSection(SolutionProperties) = preSolution
		HideSolutionNode = FALSE
	EndGlobalSection
EndGlobal
